// !$*UTF8*$!
{
	archiveVersion = 1;
	classes = {
	};
	objectVersion = 48;
	objects = {

/* Begin PBXBuildFile section */
		1118C2EF20C8006700D1A957 /* AppDelegate.swift in Sources */ = {isa = PBXBuildFile; fileRef = 1118C2EE20C8006700D1A957 /* AppDelegate.swift */; };
		1118C2F120C8006700D1A957 /* ViewController.swift in Sources */ = {isa = PBXBuildFile; fileRef = 1118C2F020C8006700D1A957 /* ViewController.swift */; };
		1118C2F420C8006700D1A957 /* Main.storyboard in Resources */ = {isa = PBXBuildFile; fileRef = 1118C2F220C8006700D1A957 /* Main.storyboard */; };
		1118C2F620C8006700D1A957 /* Assets.xcassets in Resources */ = {isa = PBXBuildFile; fileRef = 1118C2F520C8006700D1A957 /* Assets.xcassets */; };
		1118C2F920C8006700D1A957 /* LaunchScreen.storyboard in Resources */ = {isa = PBXBuildFile; fileRef = 1118C2F720C8006700D1A957 /* LaunchScreen.storyboard */; };
		1118C30420C8006700D1A957 /* RecipeReminderTests.swift in Sources */ = {isa = PBXBuildFile; fileRef = 1118C30320C8006700D1A957 /* RecipeReminderTests.swift */; };
		1118C30F20C8006700D1A957 /* RecipeReminderUITests.swift in Sources */ = {isa = PBXBuildFile; fileRef = 1118C30E20C8006700D1A957 /* RecipeReminderUITests.swift */; };
		114B294620C8386A00E4CB9E /* LaunchScreen@2x.png in Resources */ = {isa = PBXBuildFile; fileRef = 114B294320C8386A00E4CB9E /* LaunchScreen@2x.png */; };
		114B294720C8386A00E4CB9E /* LaunchScreen@3x.png in Resources */ = {isa = PBXBuildFile; fileRef = 114B294420C8386A00E4CB9E /* LaunchScreen@3x.png */; };
		114B294820C8386A00E4CB9E /* LaunchScreen@1x.png in Resources */ = {isa = PBXBuildFile; fileRef = 114B294520C8386A00E4CB9E /* LaunchScreen@1x.png */; };
		114B294A20C844C600E4CB9E /* LaunchScreen@4x.png in Resources */ = {isa = PBXBuildFile; fileRef = 114B294920C844C600E4CB9E /* LaunchScreen@4x.png */; };
/* End PBXBuildFile section */

/* Begin PBXContainerItemProxy section */
		1118C30020C8006700D1A957 /* PBXContainerItemProxy */ = {
			isa = PBXContainerItemProxy;
			containerPortal = 1118C2E320C8006700D1A957 /* Project object */;
			proxyType = 1;
			remoteGlobalIDString = 1118C2EA20C8006700D1A957;
			remoteInfo = RecipeReminder;
		};
		1118C30B20C8006700D1A957 /* PBXContainerItemProxy */ = {
			isa = PBXContainerItemProxy;
			containerPortal = 1118C2E320C8006700D1A957 /* Project object */;
			proxyType = 1;
			remoteGlobalIDString = 1118C2EA20C8006700D1A957;
			remoteInfo = RecipeReminder;
		};
/* End PBXContainerItemProxy section */

/* Begin PBXFileReference section */
		1118C2EB20C8006700D1A957 /* RecipeReminder.app */ = {isa = PBXFileReference; explicitFileType = wrapper.application; includeInIndex = 0; path = RecipeReminder.app; sourceTree = BUILT_PRODUCTS_DIR; };
		1118C2EE20C8006700D1A957 /* AppDelegate.swift */ = {isa = PBXFileReference; lastKnownFileType = sourcecode.swift; path = AppDelegate.swift; sourceTree = "<group>"; };
		1118C2F020C8006700D1A957 /* ViewController.swift */ = {isa = PBXFileReference; lastKnownFileType = sourcecode.swift; path = ViewController.swift; sourceTree = "<group>"; };
		1118C2F320C8006700D1A957 /* Base */ = {isa = PBXFileReference; lastKnownFileType = file.storyboard; name = Base; path = Base.lproj/Main.storyboard; sourceTree = "<group>"; };
		1118C2F520C8006700D1A957 /* Assets.xcassets */ = {isa = PBXFileReference; lastKnownFileType = folder.assetcatalog; path = Assets.xcassets; sourceTree = "<group>"; };
		1118C2F820C8006700D1A957 /* Base */ = {isa = PBXFileReference; lastKnownFileType = file.storyboard; name = Base; path = Base.lproj/LaunchScreen.storyboard; sourceTree = "<group>"; };
		1118C2FA20C8006700D1A957 /* Info.plist */ = {isa = PBXFileReference; lastKnownFileType = text.plist.xml; path = Info.plist; sourceTree = "<group>"; };
		1118C2FF20C8006700D1A957 /* RecipeReminderTests.xctest */ = {isa = PBXFileReference; explicitFileType = wrapper.cfbundle; includeInIndex = 0; path = RecipeReminderTests.xctest; sourceTree = BUILT_PRODUCTS_DIR; };
		1118C30320C8006700D1A957 /* RecipeReminderTests.swift */ = {isa = PBXFileReference; lastKnownFileType = sourcecode.swift; path = RecipeReminderTests.swift; sourceTree = "<group>"; };
		1118C30520C8006700D1A957 /* Info.plist */ = {isa = PBXFileReference; lastKnownFileType = text.plist.xml; path = Info.plist; sourceTree = "<group>"; };
		1118C30A20C8006700D1A957 /* RecipeReminderUITests.xctest */ = {isa = PBXFileReference; explicitFileType = wrapper.cfbundle; includeInIndex = 0; path = RecipeReminderUITests.xctest; sourceTree = BUILT_PRODUCTS_DIR; };
		1118C30E20C8006700D1A957 /* RecipeReminderUITests.swift */ = {isa = PBXFileReference; lastKnownFileType = sourcecode.swift; path = RecipeReminderUITests.swift; sourceTree = "<group>"; };
		1118C31020C8006700D1A957 /* Info.plist */ = {isa = PBXFileReference; lastKnownFileType = text.plist.xml; path = Info.plist; sourceTree = "<group>"; };
		114B294320C8386A00E4CB9E /* LaunchScreen@2x.png */ = {isa = PBXFileReference; lastKnownFileType = image.png; name = "LaunchScreen@2x.png"; path = "images/LaunchScreen@2x.png"; sourceTree = "<group>"; };
		114B294420C8386A00E4CB9E /* LaunchScreen@3x.png */ = {isa = PBXFileReference; lastKnownFileType = image.png; name = "LaunchScreen@3x.png"; path = "images/LaunchScreen@3x.png"; sourceTree = "<group>"; };
		114B294520C8386A00E4CB9E /* LaunchScreen@1x.png */ = {isa = PBXFileReference; lastKnownFileType = image.png; name = "LaunchScreen@1x.png"; path = "images/LaunchScreen@1x.png"; sourceTree = "<group>"; };
		114B294920C844C600E4CB9E /* LaunchScreen@4x.png */ = {isa = PBXFileReference; lastKnownFileType = image.png; name = "LaunchScreen@4x.png"; path = "images/LaunchScreen@4x.png"; sourceTree = "<group>"; };
/* End PBXFileReference section */

/* Begin PBXFrameworksBuildPhase section */
		1118C2E820C8006700D1A957 /* Frameworks */ = {
			isa = PBXFrameworksBuildPhase;
			buildActionMask = 2147483647;
			files = (
			);
			runOnlyForDeploymentPostprocessing = 0;
		};
		1118C2FC20C8006700D1A957 /* Frameworks */ = {
			isa = PBXFrameworksBuildPhase;
			buildActionMask = 2147483647;
			files = (
			);
			runOnlyForDeploymentPostprocessing = 0;
		};
		1118C30720C8006700D1A957 /* Frameworks */ = {
			isa = PBXFrameworksBuildPhase;
			buildActionMask = 2147483647;
			files = (
			);
			runOnlyForDeploymentPostprocessing = 0;
		};
/* End PBXFrameworksBuildPhase section */

/* Begin PBXGroup section */
		1118C2E220C8006700D1A957 = {
			isa = PBXGroup;
			children = (
				114B294920C844C600E4CB9E /* LaunchScreen@4x.png */,
				114B294520C8386A00E4CB9E /* LaunchScreen@1x.png */,
				114B294320C8386A00E4CB9E /* LaunchScreen@2x.png */,
				114B294420C8386A00E4CB9E /* LaunchScreen@3x.png */,
				1118C2ED20C8006700D1A957 /* RecipeReminder */,
				1118C30220C8006700D1A957 /* RecipeReminderTests */,
				1118C30D20C8006700D1A957 /* RecipeReminderUITests */,
				1118C2EC20C8006700D1A957 /* Products */,
			);
			sourceTree = "<group>";
		};
		1118C2EC20C8006700D1A957 /* Products */ = {
			isa = PBXGroup;
			children = (
				1118C2EB20C8006700D1A957 /* RecipeReminder.app */,
				1118C2FF20C8006700D1A957 /* RecipeReminderTests.xctest */,
				1118C30A20C8006700D1A957 /* RecipeReminderUITests.xctest */,
			);
			name = Products;
			sourceTree = "<group>";
		};
		1118C2ED20C8006700D1A957 /* RecipeReminder */ = {
			isa = PBXGroup;
			children = (
				1118C2EE20C8006700D1A957 /* AppDelegate.swift */,
				1118C2F020C8006700D1A957 /* ViewController.swift */,
				1118C2F220C8006700D1A957 /* Main.storyboard */,
				1118C2F520C8006700D1A957 /* Assets.xcassets */,
				1118C2F720C8006700D1A957 /* LaunchScreen.storyboard */,
				1118C2FA20C8006700D1A957 /* Info.plist */,
			);
			path = RecipeReminder;
			sourceTree = "<group>";
		};
		1118C30220C8006700D1A957 /* RecipeReminderTests */ = {
			isa = PBXGroup;
			children = (
				1118C30320C8006700D1A957 /* RecipeReminderTests.swift */,
				1118C30520C8006700D1A957 /* Info.plist */,
			);
			path = RecipeReminderTests;
			sourceTree = "<group>";
		};
		1118C30D20C8006700D1A957 /* RecipeReminderUITests */ = {
			isa = PBXGroup;
			children = (
				1118C30E20C8006700D1A957 /* RecipeReminderUITests.swift */,
				1118C31020C8006700D1A957 /* Info.plist */,
			);
			path = RecipeReminderUITests;
			sourceTree = "<group>";
		};
/* End PBXGroup section */

/* Begin PBXNativeTarget section */
		1118C2EA20C8006700D1A957 /* RecipeReminder */ = {
			isa = PBXNativeTarget;
			buildConfigurationList = 1118C31320C8006700D1A957 /* Build configuration list for PBXNativeTarget "RecipeReminder" */;
			buildPhases = (
				1118C2E720C8006700D1A957 /* Sources */,
				1118C2E820C8006700D1A957 /* Frameworks */,
				1118C2E920C8006700D1A957 /* Resources */,
			);
			buildRules = (
			);
			dependencies = (
			);
			name = RecipeReminder;
			productName = RecipeReminder;
			productReference = 1118C2EB20C8006700D1A957 /* RecipeReminder.app */;
			productType = "com.apple.product-type.application";
		};
		1118C2FE20C8006700D1A957 /* RecipeReminderTests */ = {
			isa = PBXNativeTarget;
			buildConfigurationList = 1118C31620C8006700D1A957 /* Build configuration list for PBXNativeTarget "RecipeReminderTests" */;
			buildPhases = (
				1118C2FB20C8006700D1A957 /* Sources */,
				1118C2FC20C8006700D1A957 /* Frameworks */,
				1118C2FD20C8006700D1A957 /* Resources */,
			);
			buildRules = (
			);
			dependencies = (
				1118C30120C8006700D1A957 /* PBXTargetDependency */,
			);
			name = RecipeReminderTests;
			productName = RecipeReminderTests;
			productReference = 1118C2FF20C8006700D1A957 /* RecipeReminderTests.xctest */;
			productType = "com.apple.product-type.bundle.unit-test";
		};
		1118C30920C8006700D1A957 /* RecipeReminderUITests */ = {
			isa = PBXNativeTarget;
			buildConfigurationList = 1118C31920C8006700D1A957 /* Build configuration list for PBXNativeTarget "RecipeReminderUITests" */;
			buildPhases = (
				1118C30620C8006700D1A957 /* Sources */,
				1118C30720C8006700D1A957 /* Frameworks */,
				1118C30820C8006700D1A957 /* Resources */,
			);
			buildRules = (
			);
			dependencies = (
				1118C30C20C8006700D1A957 /* PBXTargetDependency */,
			);
			name = RecipeReminderUITests;
			productName = RecipeReminderUITests;
			productReference = 1118C30A20C8006700D1A957 /* RecipeReminderUITests.xctest */;
			productType = "com.apple.product-type.bundle.ui-testing";
		};
/* End PBXNativeTarget section */

/* Begin PBXProject section */
		1118C2E320C8006700D1A957 /* Project object */ = {
			isa = PBXProject;
			attributes = {
				LastSwiftUpdateCheck = 0920;
				LastUpgradeCheck = 0920;
				ORGANIZATIONNAME = "Oleksandra Baga";
				TargetAttributes = {
					1118C2EA20C8006700D1A957 = {
						CreatedOnToolsVersion = 9.2;
						ProvisioningStyle = Automatic;
					};
					1118C2FE20C8006700D1A957 = {
						CreatedOnToolsVersion = 9.2;
						ProvisioningStyle = Automatic;
						TestTargetID = 1118C2EA20C8006700D1A957;
					};
					1118C30920C8006700D1A957 = {
						CreatedOnToolsVersion = 9.2;
						ProvisioningStyle = Automatic;
						TestTargetID = 1118C2EA20C8006700D1A957;
					};
				};
			};
			buildConfigurationList = 1118C2E620C8006700D1A957 /* Build configuration list for PBXProject "RecipeReminder" */;
			compatibilityVersion = "Xcode 8.0";
			developmentRegion = en;
			hasScannedForEncodings = 0;
			knownRegions = (
				en,
				Base,
			);
			mainGroup = 1118C2E220C8006700D1A957;
			productRefGroup = 1118C2EC20C8006700D1A957 /* Products */;
			projectDirPath = "";
			projectRoot = "";
			targets = (
				1118C2EA20C8006700D1A957 /* RecipeReminder */,
				1118C2FE20C8006700D1A957 /* RecipeReminderTests */,
				1118C30920C8006700D1A957 /* RecipeReminderUITests */,
			);
		};
/* End PBXProject section */

/* Begin PBXResourcesBuildPhase section */
		1118C2E920C8006700D1A957 /* Resources */ = {
			isa = PBXResourcesBuildPhase;
			buildActionMask = 2147483647;
			files = (
				114B294820C8386A00E4CB9E /* LaunchScreen@1x.png in Resources */,
				114B294720C8386A00E4CB9E /* LaunchScreen@3x.png in Resources */,
				1118C2F920C8006700D1A957 /* LaunchScreen.storyboard in Resources */,
				1118C2F620C8006700D1A957 /* Assets.xcassets in Resources */,
				1118C2F420C8006700D1A957 /* Main.storyboard in Resources */,
				114B294A20C844C600E4CB9E /* LaunchScreen@4x.png in Resources */,
				114B294620C8386A00E4CB9E /* LaunchScreen@2x.png in Resources */,
			);
			runOnlyForDeploymentPostprocessing = 0;
		};
		1118C2FD20C8006700D1A957 /* Resources */ = {
			isa = PBXResourcesBuildPhase;
			buildActionMask = 2147483647;
			files = (
			);
			runOnlyForDeploymentPostprocessing = 0;
		};
		1118C30820C8006700D1A957 /* Resources */ = {
			isa = PBXResourcesBuildPhase;
			buildActionMask = 2147483647;
			files = (
			);
			runOnlyForDeploymentPostprocessing = 0;
		};
/* End PBXResourcesBuildPhase section */

/* Begin PBXSourcesBuildPhase section */
		1118C2E720C8006700D1A957 /* Sources */ = {
			isa = PBXSourcesBuildPhase;
			buildActionMask = 2147483647;
			files = (
				1118C2F120C8006700D1A957 /* ViewController.swift in Sources */,
				1118C2EF20C8006700D1A957 /* AppDelegate.swift in Sources */,
			);
			runOnlyForDeploymentPostprocessing = 0;
		};
		1118C2FB20C8006700D1A957 /* Sources */ = {
			isa = PBXSourcesBuildPhase;
			buildActionMask = 2147483647;
			files = (
				1118C30420C8006700D1A957 /* RecipeReminderTests.swift in Sources */,
			);
			runOnlyForDeploymentPostprocessing = 0;
		};
		1118C30620C8006700D1A957 /* Sources */ = {
			isa = PBXSourcesBuildPhase;
			buildActionMask = 2147483647;
			files = (
				1118C30F20C8006700D1A957 /* RecipeReminderUITests.swift in Sources */,
			);
			runOnlyForDeploymentPostprocessing = 0;
		};
/* End PBXSourcesBuildPhase section */

/* Begin PBXTargetDependency section */
		1118C30120C8006700D1A957 /* PBXTargetDependency */ = {
			isa = PBXTargetDependency;
			target = 1118C2EA20C8006700D1A957 /* RecipeReminder */;
			targetProxy = 1118C30020C8006700D1A957 /* PBXContainerItemProxy */;
		};
		1118C30C20C8006700D1A957 /* PBXTargetDependency */ = {
			isa = PBXTargetDependency;
			target = 1118C2EA20C8006700D1A957 /* RecipeReminder */;
			targetProxy = 1118C30B20C8006700D1A957 /* PBXContainerItemProxy */;
		};
/* End PBXTargetDependency section */

/* Begin PBXVariantGroup section */
		1118C2F220C8006700D1A957 /* Main.storyboard */ = {
			isa = PBXVariantGroup;
			children = (
				1118C2F320C8006700D1A957 /* Base */,
			);
			name = Main.storyboard;
			sourceTree = "<group>";
		};
		1118C2F720C8006700D1A957 /* LaunchScreen.storyboard */ = {
			isa = PBXVariantGroup;
			children = (
				1118C2F820C8006700D1A957 /* Base */,
			);
			name = LaunchScreen.storyboard;
			sourceTree = "<group>";
		};
/* End PBXVariantGroup section */

/* Begin XCBuildConfiguration section */
		1118C31120C8006700D1A957 /* Debug */ = {
			isa = XCBuildConfiguration;
			buildSettings = {
				ALWAYS_SEARCH_USER_PATHS = NO;
				CLANG_ANALYZER_NONNULL = YES;
				CLANG_ANALYZER_NUMBER_OBJECT_CONVERSION = YES_AGGRESSIVE;
				CLANG_CXX_LANGUAGE_STANDARD = "gnu++14";
				CLANG_CXX_LIBRARY = "libc++";
				CLANG_ENABLE_MODULES = YES;
				CLANG_ENABLE_OBJC_ARC = YES;
				CLANG_WARN_BLOCK_CAPTURE_AUTORELEASING = YES;
				CLANG_WARN_BOOL_CONVERSION = YES;
				CLANG_WARN_COMMA = YES;
				CLANG_WARN_CONSTANT_CONVERSION = YES;
				CLANG_WARN_DIRECT_OBJC_ISA_USAGE = YES_ERROR;
				CLANG_WARN_DOCUMENTATION_COMMENTS = YES;
				CLANG_WARN_EMPTY_BODY = YES;
				CLANG_WARN_ENUM_CONVERSION = YES;
				CLANG_WARN_INFINITE_RECURSION = YES;
				CLANG_WARN_INT_CONVERSION = YES;
				CLANG_WARN_NON_LITERAL_NULL_CONVERSION = YES;
				CLANG_WARN_OBJC_LITERAL_CONVERSION = YES;
				CLANG_WARN_OBJC_ROOT_CLASS = YES_ERROR;
				CLANG_WARN_RANGE_LOOP_ANALYSIS = YES;
				CLANG_WARN_STRICT_PROTOTYPES = YES;
				CLANG_WARN_SUSPICIOUS_MOVE = YES;
				CLANG_WARN_UNGUARDED_AVAILABILITY = YES_AGGRESSIVE;
				CLANG_WARN_UNREACHABLE_CODE = YES;
				CLANG_WARN__DUPLICATE_METHOD_MATCH = YES;
				CODE_SIGN_IDENTITY = "iPhone Developer";
				COPY_PHASE_STRIP = NO;
				DEBUG_INFORMATION_FORMAT = dwarf;
				ENABLE_STRICT_OBJC_MSGSEND = YES;
				ENABLE_TESTABILITY = YES;
				GCC_C_LANGUAGE_STANDARD = gnu11;
				GCC_DYNAMIC_NO_PIC = NO;
				GCC_NO_COMMON_BLOCKS = YES;
				GCC_OPTIMIZATION_LEVEL = 0;
				GCC_PREPROCESSOR_DEFINITIONS = (
					"DEBUG=1",
					"$(inherited)",
				);
				GCC_WARN_64_TO_32_BIT_CONVERSION = YES;
				GCC_WARN_ABOUT_RETURN_TYPE = YES_ERROR;
				GCC_WARN_UNDECLARED_SELECTOR = YES;
				GCC_WARN_UNINITIALIZED_AUTOS = YES_AGGRESSIVE;
				GCC_WARN_UNUSED_FUNCTION = YES;
				GCC_WARN_UNUSED_VARIABLE = YES;
				IPHONEOS_DEPLOYMENT_TARGET = 11.2;
				MTL_ENABLE_DEBUG_INFO = YES;
				ONLY_ACTIVE_ARCH = YES;
				SDKROOT = iphoneos;
				SWIFT_ACTIVE_COMPILATION_CONDITIONS = DEBUG;
				SWIFT_OPTIMIZATION_LEVEL = "-Onone";
			};
			name = Debug;
		};
		1118C31220C8006700D1A957 /* Release */ = {
			isa = XCBuildConfiguration;
			buildSettings = {
				ALWAYS_SEARCH_USER_PATHS = NO;
				CLANG_ANALYZER_NONNULL = YES;
				CLANG_ANALYZER_NUMBER_OBJECT_CONVERSION = YES_AGGRESSIVE;
				CLANG_CXX_LANGUAGE_STANDARD = "gnu++14";
				CLANG_CXX_LIBRARY = "libc++";
				CLANG_ENABLE_MODULES = YES;
				CLANG_ENABLE_OBJC_ARC = YES;
				CLANG_WARN_BLOCK_CAPTURE_AUTORELEASING = YES;
				CLANG_WARN_BOOL_CONVERSION = YES;
				CLANG_WARN_COMMA = YES;
				CLANG_WARN_CONSTANT_CONVERSION = YES;
				CLANG_WARN_DIRECT_OBJC_ISA_USAGE = YES_ERROR;
				CLANG_WARN_DOCUMENTATION_COMMENTS = YES;
				CLANG_WARN_EMPTY_BODY = YES;
				CLANG_WARN_ENUM_CONVERSION = YES;
				CLANG_WARN_INFINITE_RECURSION = YES;
				CLANG_WARN_INT_CONVERSION = YES;
				CLANG_WARN_NON_LITERAL_NULL_CONVERSION = YES;
				CLANG_WARN_OBJC_LITERAL_CONVERSION = YES;
				CLANG_WARN_OBJC_ROOT_CLASS = YES_ERROR;
				CLANG_WARN_RANGE_LOOP_ANALYSIS = YES;
				CLANG_WARN_STRICT_PROTOTYPES = YES;
				CLANG_WARN_SUSPICIOUS_MOVE = YES;
				CLANG_WARN_UNGUARDED_AVAILABILITY = YES_AGGRESSIVE;
				CLANG_WARN_UNREACHABLE_CODE = YES;
				CLANG_WARN__DUPLICATE_METHOD_MATCH = YES;
				CODE_SIGN_IDENTITY = "iPhone Developer";
				COPY_PHASE_STRIP = NO;
				DEBUG_INFORMATION_FORMAT = "dwarf-with-dsym";
				ENABLE_NS_ASSERTIONS = NO;
				ENABLE_STRICT_OBJC_MSGSEND = YES;
				GCC_C_LANGUAGE_STANDARD = gnu11;
				GCC_NO_COMMON_BLOCKS = YES;
				GCC_WARN_64_TO_32_BIT_CONVERSION = YES;
				GCC_WARN_ABOUT_RETURN_TYPE = YES_ERROR;
				GCC_WARN_UNDECLARED_SELECTOR = YES;
				GCC_WARN_UNINITIALIZED_AUTOS = YES_AGGRESSIVE;
				GCC_WARN_UNUSED_FUNCTION = YES;
				GCC_WARN_UNUSED_VARIABLE = YES;
				IPHONEOS_DEPLOYMENT_TARGET = 11.2;
				MTL_ENABLE_DEBUG_INFO = NO;
				SDKROOT = iphoneos;
				SWIFT_OPTIMIZATION_LEVEL = "-Owholemodule";
				VALIDATE_PRODUCT = YES;
			};
			name = Release;
		};
		1118C31420C8006700D1A957 /* Debug */ = {
			isa = XCBuildConfiguration;
			buildSettings = {
				ASSETCATALOG_COMPILER_APPICON_NAME = AppIcon;
				CODE_SIGN_STYLE = Automatic;
				DEVELOPMENT_TEAM = R5EKAJR334;
				INFOPLIST_FILE = RecipeReminder/Info.plist;
				LD_RUNPATH_SEARCH_PATHS = "$(inherited) @executable_path/Frameworks";
				PRODUCT_BUNDLE_IDENTIFIER = oleksa.de.RecipeReminder;
				PRODUCT_NAME = "$(TARGET_NAME)";
				SWIFT_VERSION = 4.0;
				TARGETED_DEVICE_FAMILY = "1,2";
			};
			name = Debug;
		};
		1118C31520C8006700D1A957 /* Release */ = {
			isa = XCBuildConfiguration;
			buildSettings = {
				ASSETCATALOG_COMPILER_APPICON_NAME = AppIcon;
				CODE_SIGN_STYLE = Automatic;
				DEVELOPMENT_TEAM = R5EKAJR334;
				INFOPLIST_FILE = RecipeReminder/Info.plist;
				LD_RUNPATH_SEARCH_PATHS = "$(inherited) @executable_path/Frameworks";
				PRODUCT_BUNDLE_IDENTIFIER = oleksa.de.RecipeReminder;
				PRODUCT_NAME = "$(TARGET_NAME)";
				SWIFT_VERSION = 4.0;
				TARGETED_DEVICE_FAMILY = "1,2";
			};
			name = Release;
		};
		1118C31720C8006700D1A957 /* Debug */ = {
			isa = XCBuildConfiguration;
			buildSettings = {
				ALWAYS_EMBED_SWIFT_STANDARD_LIBRARIES = YES;
				BUNDLE_LOADER = "$(TEST_HOST)";
				CODE_SIGN_STYLE = Automatic;
				DEVELOPMENT_TEAM = R5EKAJR334;
				INFOPLIST_FILE = RecipeReminderTests/Info.plist;
				LD_RUNPATH_SEARCH_PATHS = "$(inherited) @executable_path/Frameworks @loader_path/Frameworks";
				PRODUCT_BUNDLE_IDENTIFIER = oleksa.de.RecipeReminderTests;
				PRODUCT_NAME = "$(TARGET_NAME)";
				SWIFT_VERSION = 4.0;
				TARGETED_DEVICE_FAMILY = "1,2";
				TEST_HOST = "$(BUILT_PRODUCTS_DIR)/RecipeReminder.app/RecipeReminder";
			};
			name = Debug;
		};
		1118C31820C8006700D1A957 /* Release */ = {
			isa = XCBuildConfiguration;
			buildSettings = {
				ALWAYS_EMBED_SWIFT_STANDARD_LIBRARIES = YES;
				BUNDLE_LOADER = "$(TEST_HOST)";
				CODE_SIGN_STYLE = Automatic;
				DEVELOPMENT_TEAM = R5EKAJR334;
				INFOPLIST_FILE = RecipeReminderTests/Info.plist;
				LD_RUNPATH_SEARCH_PATHS = "$(inherited) @executable_path/Frameworks @loader_path/Frameworks";
				PRODUCT_BUNDLE_IDENTIFIER = oleksa.de.RecipeReminderTests;
				PRODUCT_NAME = "$(TARGET_NAME)";
				SWIFT_VERSION = 4.0;
				TARGETED_DEVICE_FAMILY = "1,2";
				TEST_HOST = "$(BUILT_PRODUCTS_DIR)/RecipeReminder.app/RecipeReminder";
			};
			name = Release;
		};
		1118C31A20C8006700D1A957 /* Debug */ = {
			isa = XCBuildConfiguration;
			buildSettings = {
				ALWAYS_EMBED_SWIFT_STANDARD_LIBRARIES = YES;
				CODE_SIGN_STYLE = Automatic;
				DEVELOPMENT_TEAM = R5EKAJR334;
				INFOPLIST_FILE = RecipeReminderUITests/Info.plist;
				LD_RUNPATH_SEARCH_PATHS = "$(inherited) @executable_path/Frameworks @loader_path/Frameworks";
				PRODUCT_BUNDLE_IDENTIFIER = oleksa.de.RecipeReminderUITests;
				PRODUCT_NAME = "$(TARGET_NAME)";
				SWIFT_VERSION = 4.0;
				TARGETED_DEVICE_FAMILY = "1,2";
				TEST_TARGET_NAME = RecipeReminder;
			};
			name = Debug;
		};
		1118C31B20C8006700D1A957 /* Release */ = {
			isa = XCBuildConfiguration;
			buildSettings = {
				ALWAYS_EMBED_SWIFT_STANDARD_LIBRARIES = YES;
				CODE_SIGN_STYLE = Automatic;
				DEVELOPMENT_TEAM = R5EKAJR334;
				INFOPLIST_FILE = RecipeReminderUITests/Info.plist;
				LD_RUNPATH_SEARCH_PATHS = "$(inherited) @executable_path/Frameworks @loader_path/Frameworks";
				PRODUCT_BUNDLE_IDENTIFIER = oleksa.de.RecipeReminderUITests;
				PRODUCT_NAME = "$(TARGET_NAME)";
				SWIFT_VERSION = 4.0;
				TARGETED_DEVICE_FAMILY = "1,2";
				TEST_TARGET_NAME = RecipeReminder;
			};
			name = Release;
		};
/* End XCBuildConfiguration section */

/* Begin XCConfigurationList section */
		1118C2E620C8006700D1A957 /* Build configuration list for PBXProject "RecipeReminder" */ = {
			isa = XCConfigurationList;
			buildConfigurations = (
				1118C31120C8006700D1A957 /* Debug */,
				1118C31220C8006700D1A957 /* Release */,
			);
			defaultConfigurationIsVisible = 0;
			defaultConfigurationName = Release;
		};
		1118C31320C8006700D1A957 /* Build configuration list for PBXNativeTarget "RecipeReminder" */ = {
			isa = XCConfigurationList;
			buildConfigurations = (
				1118C31420C8006700D1A957 /* Debug */,
				1118C31520C8006700D1A957 /* Release */,
			);
			defaultConfigurationIsVisible = 0;
			defaultConfigurationName = Release;
		};
		1118C31620C8006700D1A957 /* Build configuration list for PBXNativeTarget "RecipeReminderTests" */ = {
			isa = XCConfigurationList;
			buildConfigurations = (
				1118C31720C8006700D1A957 /* Debug */,
				1118C31820C8006700D1A957 /* Release */,
			);
			defaultConfigurationIsVisible = 0;
			defaultConfigurationName = Release;
		};
		1118C31920C8006700D1A957 /* Build configuration list for PBXNativeTarget "RecipeReminderUITests" */ = {
			isa = XCConfigurationList;
			buildConfigurations = (
				1118C31A20C8006700D1A957 /* Debug */,
				1118C31B20C8006700D1A957 /* Release */,
			);
			defaultConfigurationIsVisible = 0;
			defaultConfigurationName = Release;
		};
/* End XCConfigurationList section */
	};
	rootObject = 1118C2E320C8006700D1A957 /* Project object */;
}
